{
  "name": "helper-vue-components",
  "version": "1.0.2",
  "lockfileVersion": 1,
  "requires": true,
  "dependencies": {
    "js-helper-methods": {
      "version": "1.0.1",
      "resolved": "https://registry.npmjs.org/js-helper-methods/-/js-helper-methods-1.0.1.tgz",
      "integrity": "sha512-ZEtApCX+oVWyEADXc+tve7uWOyFEctKAtcN7XxtpXWczTn3wtbFj/SKOG52jhu7VNu9U9R3giFwnmsehkod6MA=="
    }
  }
}
